
Microsoft Visual Studio Solution File, Format Version 12.00
# Visual Studio Version 17
VisualStudioVersion = 17.4.33205.214
MinimumVisualStudioVersion = 10.0.40219.1
Project("{9A19103F-16F7-4668-BE54-9A1E7A4F7556}") = "MovieBookingApp", "MovieBookingApp\MovieBookingApp.csproj", "{B1A5FE30-ACDC-429A-9505-D88B220142B9}"
EndProject
Project("{9A19103F-16F7-4668-BE54-9A1E7A4F7556}") = "MovieBookingAppTest", "MovieBookingAppTest\MovieBookingAppTest.csproj", "{D42BAA28-8932-4D2D-94E6-66CDCD69A7AD}"
EndProject
Global
	GlobalSection(SolutionConfigurationPlatforms) = preSolution
		Debug|Any CPU = Debug|Any CPU
		Release|Any CPU = Release|Any CPU
	EndGlobalSection
	GlobalSection(ProjectConfigurationPlatforms) = postSolution
		{B1A5FE30-ACDC-429A-9505-D88B220142B9}.Debug|Any CPU.ActiveCfg = Debug|Any CPU
		{B1A5FE30-ACDC-429A-9505-D88B220142B9}.Debug|Any CPU.Build.0 = Debug|Any CPU
		{B1A5FE30-ACDC-429A-9505-D88B220142B9}.Release|Any CPU.ActiveCfg = Release|Any CPU
		{B1A5FE30-ACDC-429A-9505-D88B220142B9}.Release|Any CPU.Build.0 = Release|Any CPU
		{D42BAA28-8932-4D2D-94E6-66CDCD69A7AD}.Debug|Any CPU.ActiveCfg = Debug|Any CPU
		{D42BAA28-8932-4D2D-94E6-66CDCD69A7AD}.Debug|Any CPU.Build.0 = Debug|Any CPU
		{D42BAA28-8932-4D2D-94E6-66CDCD69A7AD}.Release|Any CPU.ActiveCfg = Release|Any CPU
		{D42BAA28-8932-4D2D-94E6-66CDCD69A7AD}.Release|Any CPU.Build.0 = Release|Any CPU
	EndGlobalSection
	GlobalSection(SolutionProperties) = preSolution
		HideSolutionNode = FALSE
	EndGlobalSection
	GlobalSection(ExtensibilityGlobals) = postSolution
		SolutionGuid = {BE2F33BB-1057-4D59-8E1D-7C2D00E47A16}
	EndGlobalSection
EndGlobal
